
Microsoft Visual Studio Solution File, Format Version 12.00
# Visual Studio Version 16
VisualStudioVersion = 16.0.31702.278
MinimumVisualStudioVersion = 10.0.40219.1
Project("{FAE04EC0-301F-11D3-BF4B-00C04F79EFBC}") = "PM02PH011.Android", "PM02PH011\PM02PH011.Android\PM02PH011.Android.csproj", "{C102B117-7949-4318-9712-25BF7435AAE4}"
EndProject
Project("{FAE04EC0-301F-11D3-BF4B-00C04F79EFBC}") = "PM02PH011", "PM02PH011\PM02PH011\PM02PH011.csproj", "{FDF5771C-FDF1-4A59-8B83-6AF2F5727519}"
EndProject
Global
	GlobalSection(SolutionConfigurationPlatforms) = preSolution
		Debug|Any CPU = Debug|Any CPU
		Release|Any CPU = Release|Any CPU
	EndGlobalSection
	GlobalSection(ProjectConfigurationPlatforms) = postSolution
		{C102B117-7949-4318-9712-25BF7435AAE4}.Debug|Any CPU.ActiveCfg = Debug|Any CPU
		{C102B117-7949-4318-9712-25BF7435AAE4}.Debug|Any CPU.Build.0 = Debug|Any CPU
		{C102B117-7949-4318-9712-25BF7435AAE4}.Debug|Any CPU.Deploy.0 = Debug|Any CPU
		{C102B117-7949-4318-9712-25BF7435AAE4}.Release|Any CPU.ActiveCfg = Release|Any CPU
		{C102B117-7949-4318-9712-25BF7435AAE4}.Release|Any CPU.Build.0 = Release|Any CPU
		{C102B117-7949-4318-9712-25BF7435AAE4}.Release|Any CPU.Deploy.0 = Release|Any CPU
		{FDF5771C-FDF1-4A59-8B83-6AF2F5727519}.Debug|Any CPU.ActiveCfg = Debug|Any CPU
		{FDF5771C-FDF1-4A59-8B83-6AF2F5727519}.Debug|Any CPU.Build.0 = Debug|Any CPU
		{FDF5771C-FDF1-4A59-8B83-6AF2F5727519}.Debug|Any CPU.Deploy.0 = Debug|Any CPU
		{FDF5771C-FDF1-4A59-8B83-6AF2F5727519}.Release|Any CPU.ActiveCfg = Release|Any CPU
		{FDF5771C-FDF1-4A59-8B83-6AF2F5727519}.Release|Any CPU.Build.0 = Release|Any CPU
		{FDF5771C-FDF1-4A59-8B83-6AF2F5727519}.Release|Any CPU.Deploy.0 = Release|Any CPU
	EndGlobalSection
	GlobalSection(SolutionProperties) = preSolution
		HideSolutionNode = FALSE
	EndGlobalSection
	GlobalSection(ExtensibilityGlobals) = postSolution
		SolutionGuid = {3397F812-B724-4171-841C-C1A226D7C40F}
	EndGlobalSection
EndGlobal
